<Solution>
  <Folder Name="/Modules/">
    <Project Path="Modules/JBShop/JBShop.csproj" />
    <Project Path="Modules/LastRequests/LastRequests.csproj" />
    <Project Path="Modules/SpecialDays/SpecialDays.csproj" />
  </Folder>
  <Project Path="Jailbreak.Contract/Jailbreak.Contract.csproj" />
  <Project Path="Jailbreak/Jailbreak.csproj" />
</Solution>
